
Microsoft Visual Studio Solution File, Format Version 12.00
# Visual Studio 15
Project("{FAE04EC0-301F-11D3-BF4B-00C04F79EFBC}") = "Boxophobic.Utils.Scripts", "Boxophobic.Utils.Scripts.csproj", "{C0E0C62A-A327-03DA-EEDF-9E6098DBC6E6}"
EndProject
Project("{FAE04EC0-301F-11D3-BF4B-00C04F79EFBC}") = "Boxophobic.Utils.Editor", "Boxophobic.Utils.Editor.csproj", "{0F9BA4A5-829F-8F10-594C-79D44E3D333A}"
EndProject
Project("{FAE04EC0-301F-11D3-BF4B-00C04F79EFBC}") = "Boxophobic.SkyboxCubemapExtended.Editor", "Boxophobic.SkyboxCubemapExtended.Editor.csproj", "{88754EE1-3C5E-DAA4-82DC-EF9E64A699A1}"
EndProject
Global
	GlobalSection(SolutionConfigurationPlatforms) = preSolution
		Debug|Any CPU = Debug|Any CPU
		Release|Any CPU = Release|Any CPU
	EndGlobalSection
	GlobalSection(ProjectConfigurationPlatforms) = postSolution
		{C0E0C62A-A327-03DA-EEDF-9E6098DBC6E6}.Debug|Any CPU.ActiveCfg = Debug|Any CPU
		{C0E0C62A-A327-03DA-EEDF-9E6098DBC6E6}.Debug|Any CPU.Build.0 = Debug|Any CPU
		{C0E0C62A-A327-03DA-EEDF-9E6098DBC6E6}.Release|Any CPU.ActiveCfg = Release|Any CPU
		{C0E0C62A-A327-03DA-EEDF-9E6098DBC6E6}.Release|Any CPU.Build.0 = Release|Any CPU
		{0F9BA4A5-829F-8F10-594C-79D44E3D333A}.Debug|Any CPU.ActiveCfg = Debug|Any CPU
		{0F9BA4A5-829F-8F10-594C-79D44E3D333A}.Debug|Any CPU.Build.0 = Debug|Any CPU
		{0F9BA4A5-829F-8F10-594C-79D44E3D333A}.Release|Any CPU.ActiveCfg = Release|Any CPU
		{0F9BA4A5-829F-8F10-594C-79D44E3D333A}.Release|Any CPU.Build.0 = Release|Any CPU
		{88754EE1-3C5E-DAA4-82DC-EF9E64A699A1}.Debug|Any CPU.ActiveCfg = Debug|Any CPU
		{88754EE1-3C5E-DAA4-82DC-EF9E64A699A1}.Debug|Any CPU.Build.0 = Debug|Any CPU
		{88754EE1-3C5E-DAA4-82DC-EF9E64A699A1}.Release|Any CPU.ActiveCfg = Release|Any CPU
		{88754EE1-3C5E-DAA4-82DC-EF9E64A699A1}.Release|Any CPU.Build.0 = Release|Any CPU
	EndGlobalSection
	GlobalSection(SolutionProperties) = preSolution
		HideSolutionNode = FALSE
	EndGlobalSection
EndGlobal
